
Microsoft Visual Studio Solution File, Format Version 12.00
# Visual Studio 14
VisualStudioVersion = 14.0.23107.0
MinimumVisualStudioVersion = 10.0.40219.1
Project("{FAE04EC0-301F-11D3-BF4B-00C04F79EFBC}") = "DataAccessLayer", "DataAccessLayer\DataAccessLayer.csproj", "{8BDE1AFC-7006-4120-BCE6-FBD4AC2FB4BE}"
EndProject
Project("{FAE04EC0-301F-11D3-BF4B-00C04F79EFBC}") = "MobileManagement", "MobileManagement\MobileManagement.csproj", "{0A9BAD3A-BF91-4BD1-8410-FB6BC66957B6}"
EndProject
Project("{FAE04EC0-301F-11D3-BF4B-00C04F79EFBC}") = "BusinessLogicLayer", "ClassLibrary1\BusinessLogicLayer.csproj", "{2F457616-565A-4A9F-A9C4-9672BDC58C26}"
EndProject
Global
	GlobalSection(SolutionConfigurationPlatforms) = preSolution
		Debug|Any CPU = Debug|Any CPU
		Release|Any CPU = Release|Any CPU
	EndGlobalSection
	GlobalSection(ProjectConfigurationPlatforms) = postSolution
		{8BDE1AFC-7006-4120-BCE6-FBD4AC2FB4BE}.Debug|Any CPU.ActiveCfg = Debug|Any CPU
		{8BDE1AFC-7006-4120-BCE6-FBD4AC2FB4BE}.Debug|Any CPU.Build.0 = Debug|Any CPU
		{8BDE1AFC-7006-4120-BCE6-FBD4AC2FB4BE}.Release|Any CPU.ActiveCfg = Release|Any CPU
		{8BDE1AFC-7006-4120-BCE6-FBD4AC2FB4BE}.Release|Any CPU.Build.0 = Release|Any CPU
		{0A9BAD3A-BF91-4BD1-8410-FB6BC66957B6}.Debug|Any CPU.ActiveCfg = Debug|Any CPU
		{0A9BAD3A-BF91-4BD1-8410-FB6BC66957B6}.Debug|Any CPU.Build.0 = Debug|Any CPU
		{0A9BAD3A-BF91-4BD1-8410-FB6BC66957B6}.Release|Any CPU.ActiveCfg = Release|Any CPU
		{0A9BAD3A-BF91-4BD1-8410-FB6BC66957B6}.Release|Any CPU.Build.0 = Release|Any CPU
		{2F457616-565A-4A9F-A9C4-9672BDC58C26}.Debug|Any CPU.ActiveCfg = Debug|Any CPU
		{2F457616-565A-4A9F-A9C4-9672BDC58C26}.Debug|Any CPU.Build.0 = Debug|Any CPU
		{2F457616-565A-4A9F-A9C4-9672BDC58C26}.Release|Any CPU.ActiveCfg = Release|Any CPU
		{2F457616-565A-4A9F-A9C4-9672BDC58C26}.Release|Any CPU.Build.0 = Release|Any CPU
	EndGlobalSection
	GlobalSection(SolutionProperties) = preSolution
		HideSolutionNode = FALSE
	EndGlobalSection
EndGlobal
